
Microsoft Visual Studio Solution File, Format Version 12.00
# Visual Studio Version 17
VisualStudioVersion = 17.8.34309.116
MinimumVisualStudioVersion = 10.0.40219.1
Project("{9A19103F-16F7-4668-BE54-9A1E7A4F7556}") = "OrganixMessenger", "OrganixMessenger\OrganixMessenger\OrganixMessenger.csproj", "{86378513-DD30-43A6-90BE-4788B62E70C4}"
EndProject
Project("{9A19103F-16F7-4668-BE54-9A1E7A4F7556}") = "OrganixMessenger.Client", "OrganixMessenger\OrganixMessenger.Client\OrganixMessenger.Client.csproj", "{8E20E15A-3290-43F1-95A6-B6EC8414F914}"
EndProject
Project("{9A19103F-16F7-4668-BE54-9A1E7A4F7556}") = "OrganixMessenger.ServerConfigurations", "OrganixMessenger.ServerConfigurations\OrganixMessenger.ServerConfigurations.csproj", "{81CBD3E7-CC7E-4DA4-B310-306BC3FEBAEE}"
EndProject
Project("{9A19103F-16F7-4668-BE54-9A1E7A4F7556}") = "OrganixMessenger.Shared", "OrganixMessenger.Shared\OrganixMessenger.Shared.csproj", "{CA97ECF9-AFA5-4780-9456-56ED92B7F91B}"
EndProject
Project("{9A19103F-16F7-4668-BE54-9A1E7A4F7556}") = "OrganixMessenger.ServerData", "OrganixMessenger.ServerData\OrganixMessenger.ServerData.csproj", "{9FE31A00-0EBD-4771-939E-1B0893AE6D3C}"
EndProject
Project("{9A19103F-16F7-4668-BE54-9A1E7A4F7556}") = "OrganixMessenger.ServerModels", "OrganixMessenger.ServerModels\OrganixMessenger.ServerModels.csproj", "{50DDE81F-7DDB-42C4-9ACE-6450EBE45F0C}"
EndProject
Project("{9A19103F-16F7-4668-BE54-9A1E7A4F7556}") = "OrganixMessenger.ServerServices", "OrganixMessenger.ServerServices\OrganixMessenger.ServerServices.csproj", "{831EA311-7251-4FC7-AAB7-D742B4AC63E0}"
EndProject
Project("{9A19103F-16F7-4668-BE54-9A1E7A4F7556}") = "OrganixMessenger.ServerTests", "OrganixMessenger.ServerTests\OrganixMessenger.ServerTests.csproj", "{FFDD8720-0C32-4B00-A22F-8BC77D8972AA}"
EndProject
Project("{9A19103F-16F7-4668-BE54-9A1E7A4F7556}") = "OrganixMessenger.Controllers", "OrganixMessenger.Controllers\OrganixMessenger.Controllers.csproj", "{096D3328-6075-49F3-9416-AB5EFB6EED5F}"
EndProject
Project("{9A19103F-16F7-4668-BE54-9A1E7A4F7556}") = "OrganixMessenger.Documentation", "OrganixMessenger.Documentation\OrganixMessenger.Documentation.csproj", "{9A211FE7-BD3D-476D-8ECD-EA33E9B13EC8}"
EndProject
Project("{9A19103F-16F7-4668-BE54-9A1E7A4F7556}") = "OrganixMessenger.Hubs", "OrganixMessenger.Hubs\OrganixMessenger.Hubs.csproj", "{7734C80E-213B-417C-B2A6-67732674E541}"
EndProject
Project("{FAE04EC0-301F-11D3-BF4B-00C04F79EFBC}") = "OrganixMessenger.ServerShared", "OrganixMessenger.ServerShared\OrganixMessenger.ServerShared.csproj", "{7FA79598-8407-49C5-9C68-FEE54DF6A419}"
EndProject
Global
	GlobalSection(SolutionConfigurationPlatforms) = preSolution
		Debug|Any CPU = Debug|Any CPU
		Release|Any CPU = Release|Any CPU
	EndGlobalSection
	GlobalSection(ProjectConfigurationPlatforms) = postSolution
		{86378513-DD30-43A6-90BE-4788B62E70C4}.Debug|Any CPU.ActiveCfg = Debug|Any CPU
		{86378513-DD30-43A6-90BE-4788B62E70C4}.Debug|Any CPU.Build.0 = Debug|Any CPU
		{86378513-DD30-43A6-90BE-4788B62E70C4}.Release|Any CPU.ActiveCfg = Release|Any CPU
		{86378513-DD30-43A6-90BE-4788B62E70C4}.Release|Any CPU.Build.0 = Release|Any CPU
		{8E20E15A-3290-43F1-95A6-B6EC8414F914}.Debug|Any CPU.ActiveCfg = Debug|Any CPU
		{8E20E15A-3290-43F1-95A6-B6EC8414F914}.Debug|Any CPU.Build.0 = Debug|Any CPU
		{8E20E15A-3290-43F1-95A6-B6EC8414F914}.Release|Any CPU.ActiveCfg = Release|Any CPU
		{8E20E15A-3290-43F1-95A6-B6EC8414F914}.Release|Any CPU.Build.0 = Release|Any CPU
		{81CBD3E7-CC7E-4DA4-B310-306BC3FEBAEE}.Debug|Any CPU.ActiveCfg = Debug|Any CPU
		{81CBD3E7-CC7E-4DA4-B310-306BC3FEBAEE}.Debug|Any CPU.Build.0 = Debug|Any CPU
		{81CBD3E7-CC7E-4DA4-B310-306BC3FEBAEE}.Release|Any CPU.ActiveCfg = Release|Any CPU
		{81CBD3E7-CC7E-4DA4-B310-306BC3FEBAEE}.Release|Any CPU.Build.0 = Release|Any CPU
		{CA97ECF9-AFA5-4780-9456-56ED92B7F91B}.Debug|Any CPU.ActiveCfg = Debug|Any CPU
		{CA97ECF9-AFA5-4780-9456-56ED92B7F91B}.Debug|Any CPU.Build.0 = Debug|Any CPU
		{CA97ECF9-AFA5-4780-9456-56ED92B7F91B}.Release|Any CPU.ActiveCfg = Release|Any CPU
		{CA97ECF9-AFA5-4780-9456-56ED92B7F91B}.Release|Any CPU.Build.0 = Release|Any CPU
		{9FE31A00-0EBD-4771-939E-1B0893AE6D3C}.Debug|Any CPU.ActiveCfg = Debug|Any CPU
		{9FE31A00-0EBD-4771-939E-1B0893AE6D3C}.Debug|Any CPU.Build.0 = Debug|Any CPU
		{9FE31A00-0EBD-4771-939E-1B0893AE6D3C}.Release|Any CPU.ActiveCfg = Release|Any CPU
		{9FE31A00-0EBD-4771-939E-1B0893AE6D3C}.Release|Any CPU.Build.0 = Release|Any CPU
		{50DDE81F-7DDB-42C4-9ACE-6450EBE45F0C}.Debug|Any CPU.ActiveCfg = Debug|Any CPU
		{50DDE81F-7DDB-42C4-9ACE-6450EBE45F0C}.Debug|Any CPU.Build.0 = Debug|Any CPU
		{50DDE81F-7DDB-42C4-9ACE-6450EBE45F0C}.Release|Any CPU.ActiveCfg = Release|Any CPU
		{50DDE81F-7DDB-42C4-9ACE-6450EBE45F0C}.Release|Any CPU.Build.0 = Release|Any CPU
		{831EA311-7251-4FC7-AAB7-D742B4AC63E0}.Debug|Any CPU.ActiveCfg = Debug|Any CPU
		{831EA311-7251-4FC7-AAB7-D742B4AC63E0}.Debug|Any CPU.Build.0 = Debug|Any CPU
		{831EA311-7251-4FC7-AAB7-D742B4AC63E0}.Release|Any CPU.ActiveCfg = Release|Any CPU
		{831EA311-7251-4FC7-AAB7-D742B4AC63E0}.Release|Any CPU.Build.0 = Release|Any CPU
		{FFDD8720-0C32-4B00-A22F-8BC77D8972AA}.Debug|Any CPU.ActiveCfg = Debug|Any CPU
		{FFDD8720-0C32-4B00-A22F-8BC77D8972AA}.Debug|Any CPU.Build.0 = Debug|Any CPU
		{FFDD8720-0C32-4B00-A22F-8BC77D8972AA}.Release|Any CPU.ActiveCfg = Release|Any CPU
		{FFDD8720-0C32-4B00-A22F-8BC77D8972AA}.Release|Any CPU.Build.0 = Release|Any CPU
		{096D3328-6075-49F3-9416-AB5EFB6EED5F}.Debug|Any CPU.ActiveCfg = Debug|Any CPU
		{096D3328-6075-49F3-9416-AB5EFB6EED5F}.Debug|Any CPU.Build.0 = Debug|Any CPU
		{096D3328-6075-49F3-9416-AB5EFB6EED5F}.Release|Any CPU.ActiveCfg = Release|Any CPU
		{096D3328-6075-49F3-9416-AB5EFB6EED5F}.Release|Any CPU.Build.0 = Release|Any CPU
		{9A211FE7-BD3D-476D-8ECD-EA33E9B13EC8}.Debug|Any CPU.ActiveCfg = Debug|Any CPU
		{9A211FE7-BD3D-476D-8ECD-EA33E9B13EC8}.Debug|Any CPU.Build.0 = Debug|Any CPU
		{9A211FE7-BD3D-476D-8ECD-EA33E9B13EC8}.Release|Any CPU.ActiveCfg = Release|Any CPU
		{9A211FE7-BD3D-476D-8ECD-EA33E9B13EC8}.Release|Any CPU.Build.0 = Release|Any CPU
		{7734C80E-213B-417C-B2A6-67732674E541}.Debug|Any CPU.ActiveCfg = Debug|Any CPU
		{7734C80E-213B-417C-B2A6-67732674E541}.Debug|Any CPU.Build.0 = Debug|Any CPU
		{7734C80E-213B-417C-B2A6-67732674E541}.Release|Any CPU.ActiveCfg = Release|Any CPU
		{7734C80E-213B-417C-B2A6-67732674E541}.Release|Any CPU.Build.0 = Release|Any CPU
		{7FA79598-8407-49C5-9C68-FEE54DF6A419}.Debug|Any CPU.ActiveCfg = Debug|Any CPU
		{7FA79598-8407-49C5-9C68-FEE54DF6A419}.Debug|Any CPU.Build.0 = Debug|Any CPU
		{7FA79598-8407-49C5-9C68-FEE54DF6A419}.Release|Any CPU.ActiveCfg = Release|Any CPU
		{7FA79598-8407-49C5-9C68-FEE54DF6A419}.Release|Any CPU.Build.0 = Release|Any CPU
	EndGlobalSection
	GlobalSection(SolutionProperties) = preSolution
		HideSolutionNode = FALSE
	EndGlobalSection
	GlobalSection(ExtensibilityGlobals) = postSolution
		SolutionGuid = {0A393677-5CF9-44F5-BCDF-F43AFA5F3591}
	EndGlobalSection
EndGlobal
